
Microsoft Visual Studio Solution File, Format Version 12.00
# Visual Studio Version 17
VisualStudioVersion = 17.1.32210.238
MinimumVisualStudioVersion = 10.0.40219.1
Project("{F184B08F-C81C-45F6-A57F-5ABD9991F28F}") = "Code0 packet reader", "Code0 packet reader.vbproj", "{1FEA8266-8F74-4ED4-9B76-CE101394B348}"
EndProject
Global
	GlobalSection(SolutionConfigurationPlatforms) = preSolution
		Debug|Any CPU = Debug|Any CPU
		Debug|x64 = Debug|x64
		Debug|x86 = Debug|x86
		Release|Any CPU = Release|Any CPU
		Release|x64 = Release|x64
		Release|x86 = Release|x86
	EndGlobalSection
	GlobalSection(ProjectConfigurationPlatforms) = postSolution
		{1FEA8266-8F74-4ED4-9B76-CE101394B348}.Debug|Any CPU.ActiveCfg = Debug|Any CPU
		{1FEA8266-8F74-4ED4-9B76-CE101394B348}.Debug|Any CPU.Build.0 = Debug|Any CPU
		{1FEA8266-8F74-4ED4-9B76-CE101394B348}.Debug|x64.ActiveCfg = Debug|Any CPU
		{1FEA8266-8F74-4ED4-9B76-CE101394B348}.Debug|x64.Build.0 = Debug|Any CPU
		{1FEA8266-8F74-4ED4-9B76-CE101394B348}.Debug|x86.ActiveCfg = Debug|x86
		{1FEA8266-8F74-4ED4-9B76-CE101394B348}.Debug|x86.Build.0 = Debug|x86
		{1FEA8266-8F74-4ED4-9B76-CE101394B348}.Release|Any CPU.ActiveCfg = Release|Any CPU
		{1FEA8266-8F74-4ED4-9B76-CE101394B348}.Release|Any CPU.Build.0 = Release|Any CPU
		{1FEA8266-8F74-4ED4-9B76-CE101394B348}.Release|x64.ActiveCfg = Release|x64
		{1FEA8266-8F74-4ED4-9B76-CE101394B348}.Release|x64.Build.0 = Release|x64
		{1FEA8266-8F74-4ED4-9B76-CE101394B348}.Release|x86.ActiveCfg = Release|x86
		{1FEA8266-8F74-4ED4-9B76-CE101394B348}.Release|x86.Build.0 = Release|x86
	EndGlobalSection
	GlobalSection(SolutionProperties) = preSolution
		HideSolutionNode = FALSE
	EndGlobalSection
	GlobalSection(ExtensibilityGlobals) = postSolution
		SolutionGuid = {C520A838-090B-4881-AE3A-8598476D2718}
	EndGlobalSection
EndGlobal
